
Microsoft Visual Studio Solution File, Format Version 12.00
# Visual Studio 15
VisualStudioVersion = 15.0.28307.1022
MinimumVisualStudioVersion = 10.0.40219.1
Project("{FAE04EC0-301F-11D3-BF4B-00C04F79EFBC}") = "LoginFormApp", "LoginFormApp\LoginFormApp.csproj", "{F4F0562A-2ED7-414B-88B6-207F3DA5B323}"
	ProjectSection(ProjectDependencies) = postProject
		{EECFD9CC-F09E-4975-B5BC-8953C80E16D7} = {EECFD9CC-F09E-4975-B5BC-8953C80E16D7}
	EndProjectSection
EndProject
Project("{FAE04EC0-301F-11D3-BF4B-00C04F79EFBC}") = "InformationSystemClassLibrary", "InformationSystemClassLibrary\InformationSystemClassLibrary.csproj", "{EECFD9CC-F09E-4975-B5BC-8953C80E16D7}"
EndProject
Global
	GlobalSection(SolutionConfigurationPlatforms) = preSolution
		Debug|Any CPU = Debug|Any CPU
		Release|Any CPU = Release|Any CPU
	EndGlobalSection
	GlobalSection(ProjectConfigurationPlatforms) = postSolution
		{F4F0562A-2ED7-414B-88B6-207F3DA5B323}.Debug|Any CPU.ActiveCfg = Debug|Any CPU
		{F4F0562A-2ED7-414B-88B6-207F3DA5B323}.Debug|Any CPU.Build.0 = Debug|Any CPU
		{F4F0562A-2ED7-414B-88B6-207F3DA5B323}.Release|Any CPU.ActiveCfg = Release|Any CPU
		{F4F0562A-2ED7-414B-88B6-207F3DA5B323}.Release|Any CPU.Build.0 = Release|Any CPU
		{EECFD9CC-F09E-4975-B5BC-8953C80E16D7}.Debug|Any CPU.ActiveCfg = Debug|Any CPU
		{EECFD9CC-F09E-4975-B5BC-8953C80E16D7}.Debug|Any CPU.Build.0 = Debug|Any CPU
		{EECFD9CC-F09E-4975-B5BC-8953C80E16D7}.Release|Any CPU.ActiveCfg = Release|Any CPU
		{EECFD9CC-F09E-4975-B5BC-8953C80E16D7}.Release|Any CPU.Build.0 = Release|Any CPU
	EndGlobalSection
	GlobalSection(SolutionProperties) = preSolution
		HideSolutionNode = FALSE
	EndGlobalSection
	GlobalSection(ExtensibilityGlobals) = postSolution
		SolutionGuid = {A82C7289-0F95-4CE0-8F77-7A5D117BF80C}
	EndGlobalSection
EndGlobal
